// !$*UTF8*$!
{
	archiveVersion = 1;
	classes = {
	};
	objectVersion = 46;
	objects = {

/* Begin PBXBuildFile section */
		0E74C4451813909E00419864 /* Foundation.framework in Frameworks */ = {isa = PBXBuildFile; fileRef = 0E74C4441813909E00419864 /* Foundation.framework */; };
		0E74C4471813909E00419864 /* CoreGraphics.framework in Frameworks */ = {isa = PBXBuildFile; fileRef = 0E74C4461813909E00419864 /* CoreGraphics.framework */; };
		0E74C4491813909E00419864 /* UIKit.framework in Frameworks */ = {isa = PBXBuildFile; fileRef = 0E74C4481813909E00419864 /* UIKit.framework */; };
		0E74C44F1813909E00419864 /* InfoPlist.strings in Resources */ = {isa = PBXBuildFile; fileRef = 0E74C44D1813909E00419864 /* InfoPlist.strings */; };
		0E74C4511813909E00419864 /* main.m in Sources */ = {isa = PBXBuildFile; fileRef = 0E74C4501813909E00419864 /* main.m */; };
		0E74C4551813909E00419864 /* ASAppDelegate.m in Sources */ = {isa = PBXBuildFile; fileRef = 0E74C4541813909E00419864 /* ASAppDelegate.m */; };
		0E74C4581813909E00419864 /* Main.storyboard in Resources */ = {isa = PBXBuildFile; fileRef = 0E74C4561813909E00419864 /* Main.storyboard */; };
		0E74C45B1813909E00419864 /* ASViewController.m in Sources */ = {isa = PBXBuildFile; fileRef = 0E74C45A1813909E00419864 /* ASViewController.m */; };
		0E74C45D1813909E00419864 /* Images.xcassets in Resources */ = {isa = PBXBuildFile; fileRef = 0E74C45C1813909E00419864 /* Images.xcassets */; };
		0E74C4641813909E00419864 /* XCTest.framework in Frameworks */ = {isa = PBXBuildFile; fileRef = 0E74C4631813909E00419864 /* XCTest.framework */; };
		0E74C4651813909E00419864 /* Foundation.framework in Frameworks */ = {isa = PBXBuildFile; fileRef = 0E74C4441813909E00419864 /* Foundation.framework */; };
		0E74C4661813909E00419864 /* UIKit.framework in Frameworks */ = {isa = PBXBuildFile; fileRef = 0E74C4481813909E00419864 /* UIKit.framework */; };
		0E74C46E1813909E00419864 /* InfoPlist.strings in Resources */ = {isa = PBXBuildFile; fileRef = 0E74C46C1813909E00419864 /* InfoPlist.strings */; };
		0E74C4701813909E00419864 /* ASTumblrClientTests.m in Sources */ = {isa = PBXBuildFile; fileRef = 0E74C46F1813909E00419864 /* ASTumblrClientTests.m */; };
/* End PBXBuildFile section */

/* Begin PBXContainerItemProxy section */
		0E74C4671813909E00419864 /* PBXContainerItemProxy */ = {
			isa = PBXContainerItemProxy;
			containerPortal = 0E74C4391813909E00419864 /* Project object */;
			proxyType = 1;
			remoteGlobalIDString = 0E74C4401813909E00419864;
			remoteInfo = ASTumblrClient;
		};
/* End PBXContainerItemProxy section */

/* Begin PBXFileReference section */
		0E74C4411813909E00419864 /* ASTumblrClient.app */ = {isa = PBXFileReference; explicitFileType = wrapper.application; includeInIndex = 0; path = ASTumblrClient.app; sourceTree = BUILT_PRODUCTS_DIR; };
		0E74C4441813909E00419864 /* Foundation.framework */ = {isa = PBXFileReference; lastKnownFileType = wrapper.framework; name = Foundation.framework; path = System/Library/Frameworks/Foundation.framework; sourceTree = SDKROOT; };
		0E74C4461813909E00419864 /* CoreGraphics.framework */ = {isa = PBXFileReference; lastKnownFileType = wrapper.framework; name = CoreGraphics.framework; path = System/Library/Frameworks/CoreGraphics.framework; sourceTree = SDKROOT; };
		0E74C4481813909E00419864 /* UIKit.framework */ = {isa = PBXFileReference; lastKnownFileType = wrapper.framework; name = UIKit.framework; path = System/Library/Frameworks/UIKit.framework; sourceTree = SDKROOT; };
		0E74C44C1813909E00419864 /* ASTumblrClient-Info.plist */ = {isa = PBXFileReference; lastKnownFileType = text.plist.xml; path = "ASTumblrClient-Info.plist"; sourceTree = "<group>"; };
		0E74C44E1813909E00419864 /* en */ = {isa = PBXFileReference; lastKnownFileType = text.plist.strings; name = en; path = en.lproj/InfoPlist.strings; sourceTree = "<group>"; };
		0E74C4501813909E00419864 /* main.m */ = {isa = PBXFileReference; lastKnownFileType = sourcecode.c.objc; path = main.m; sourceTree = "<group>"; };
		0E74C4521813909E00419864 /* ASTumblrClient-Prefix.pch */ = {isa = PBXFileReference; lastKnownFileType = sourcecode.c.h; path = "ASTumblrClient-Prefix.pch"; sourceTree = "<group>"; };
		0E74C4531813909E00419864 /* ASAppDelegate.h */ = {isa = PBXFileReference; lastKnownFileType = sourcecode.c.h; path = ASAppDelegate.h; sourceTree = "<group>"; };
		0E74C4541813909E00419864 /* ASAppDelegate.m */ = {isa = PBXFileReference; lastKnownFileType = sourcecode.c.objc; path = ASAppDelegate.m; sourceTree = "<group>"; };
		0E74C4571813909E00419864 /* Base */ = {isa = PBXFileReference; lastKnownFileType = file.storyboard; name = Base; path = Base.lproj/Main.storyboard; sourceTree = "<group>"; };
		0E74C4591813909E00419864 /* ASViewController.h */ = {isa = PBXFileReference; lastKnownFileType = sourcecode.c.h; path = ASViewController.h; sourceTree = "<group>"; };
		0E74C45A1813909E00419864 /* ASViewController.m */ = {isa = PBXFileReference; lastKnownFileType = sourcecode.c.objc; path = ASViewController.m; sourceTree = "<group>"; };
		0E74C45C1813909E00419864 /* Images.xcassets */ = {isa = PBXFileReference; lastKnownFileType = folder.assetcatalog; path = Images.xcassets; sourceTree = "<group>"; };
		0E74C4621813909E00419864 /* ASTumblrClientTests.xctest */ = {isa = PBXFileReference; explicitFileType = wrapper.cfbundle; includeInIndex = 0; path = ASTumblrClientTests.xctest; sourceTree = BUILT_PRODUCTS_DIR; };
		0E74C4631813909E00419864 /* XCTest.framework */ = {isa = PBXFileReference; lastKnownFileType = wrapper.framework; name = XCTest.framework; path = Library/Frameworks/XCTest.framework; sourceTree = DEVELOPER_DIR; };
		0E74C46B1813909E00419864 /* ASTumblrClientTests-Info.plist */ = {isa = PBXFileReference; lastKnownFileType = text.plist.xml; path = "ASTumblrClientTests-Info.plist"; sourceTree = "<group>"; };
		0E74C46D1813909E00419864 /* en */ = {isa = PBXFileReference; lastKnownFileType = text.plist.strings; name = en; path = en.lproj/InfoPlist.strings; sourceTree = "<group>"; };
		0E74C46F1813909E00419864 /* ASTumblrClientTests.m */ = {isa = PBXFileReference; lastKnownFileType = sourcecode.c.objc; path = ASTumblrClientTests.m; sourceTree = "<group>"; };
/* End PBXFileReference section */

/* Begin PBXFrameworksBuildPhase section */
		0E74C43E1813909E00419864 /* Frameworks */ = {
			isa = PBXFrameworksBuildPhase;
			buildActionMask = 2147483647;
			files = (
				0E74C4471813909E00419864 /* CoreGraphics.framework in Frameworks */,
				0E74C4491813909E00419864 /* UIKit.framework in Frameworks */,
				0E74C4451813909E00419864 /* Foundation.framework in Frameworks */,
			);
			runOnlyForDeploymentPostprocessing = 0;
		};
		0E74C45F1813909E00419864 /* Frameworks */ = {
			isa = PBXFrameworksBuildPhase;
			buildActionMask = 2147483647;
			files = (
				0E74C4641813909E00419864 /* XCTest.framework in Frameworks */,
				0E74C4661813909E00419864 /* UIKit.framework in Frameworks */,
				0E74C4651813909E00419864 /* Foundation.framework in Frameworks */,
			);
			runOnlyForDeploymentPostprocessing = 0;
		};
/* End PBXFrameworksBuildPhase section */

/* Begin PBXGroup section */
		0E74C4381813909E00419864 = {
			isa = PBXGroup;
			children = (
				0E74C44A1813909E00419864 /* ASTumblrClient */,
				0E74C4691813909E00419864 /* ASTumblrClientTests */,
				0E74C4431813909E00419864 /* Frameworks */,
				0E74C4421813909E00419864 /* Products */,
			);
			sourceTree = "<group>";
		};
		0E74C4421813909E00419864 /* Products */ = {
			isa = PBXGroup;
			children = (
				0E74C4411813909E00419864 /* ASTumblrClient.app */,
				0E74C4621813909E00419864 /* ASTumblrClientTests.xctest */,
			);
			name = Products;
			sourceTree = "<group>";
		};
		0E74C4431813909E00419864 /* Frameworks */ = {
			isa = PBXGroup;
			children = (
				0E74C4441813909E00419864 /* Foundation.framework */,
				0E74C4461813909E00419864 /* CoreGraphics.framework */,
				0E74C4481813909E00419864 /* UIKit.framework */,
				0E74C4631813909E00419864 /* XCTest.framework */,
			);
			name = Frameworks;
			sourceTree = "<group>";
		};
		0E74C44A1813909E00419864 /* ASTumblrClient */ = {
			isa = PBXGroup;
			children = (
				0E74C4531813909E00419864 /* ASAppDelegate.h */,
				0E74C4541813909E00419864 /* ASAppDelegate.m */,
				0E74C4561813909E00419864 /* Main.storyboard */,
				0E74C4591813909E00419864 /* ASViewController.h */,
				0E74C45A1813909E00419864 /* ASViewController.m */,
				0E74C45C1813909E00419864 /* Images.xcassets */,
				0E74C44B1813909E00419864 /* Supporting Files */,
			);
			path = ASTumblrClient;
			sourceTree = "<group>";
		};
		0E74C44B1813909E00419864 /* Supporting Files */ = {
			isa = PBXGroup;
			children = (
				0E74C44C1813909E00419864 /* ASTumblrClient-Info.plist */,
				0E74C44D1813909E00419864 /* InfoPlist.strings */,
				0E74C4501813909E00419864 /* main.m */,
				0E74C4521813909E00419864 /* ASTumblrClient-Prefix.pch */,
			);
			name = "Supporting Files";
			sourceTree = "<group>";
		};
		0E74C4691813909E00419864 /* ASTumblrClientTests */ = {
			isa = PBXGroup;
			children = (
				0E74C46F1813909E00419864 /* ASTumblrClientTests.m */,
				0E74C46A1813909E00419864 /* Supporting Files */,
			);
			path = ASTumblrClientTests;
			sourceTree = "<group>";
		};
		0E74C46A1813909E00419864 /* Supporting Files */ = {
			isa = PBXGroup;
			children = (
				0E74C46B1813909E00419864 /* ASTumblrClientTests-Info.plist */,
				0E74C46C1813909E00419864 /* InfoPlist.strings */,
			);
			name = "Supporting Files";
			sourceTree = "<group>";
		};
/* End PBXGroup section */

/* Begin PBXNativeTarget section */
		0E74C4401813909E00419864 /* ASTumblrClient */ = {
			isa = PBXNativeTarget;
			buildConfigurationList = 0E74C4731813909E00419864 /* Build configuration list for PBXNativeTarget "ASTumblrClient" */;
			buildPhases = (
				0E74C43D1813909E00419864 /* Sources */,
				0E74C43E1813909E00419864 /* Frameworks */,
				0E74C43F1813909E00419864 /* Resources */,
			);
			buildRules = (
			);
			dependencies = (
			);
			name = ASTumblrClient;
			productName = ASTumblrClient;
			productReference = 0E74C4411813909E00419864 /* ASTumblrClient.app */;
			productType = "com.apple.product-type.application";
		};
		0E74C4611813909E00419864 /* ASTumblrClientTests */ = {
			isa = PBXNativeTarget;
			buildConfigurationList = 0E74C4761813909E00419864 /* Build configuration list for PBXNativeTarget "ASTumblrClientTests" */;
			buildPhases = (
				0E74C45E1813909E00419864 /* Sources */,
				0E74C45F1813909E00419864 /* Frameworks */,
				0E74C4601813909E00419864 /* Resources */,
			);
			buildRules = (
			);
			dependencies = (
				0E74C4681813909E00419864 /* PBXTargetDependency */,
			);
			name = ASTumblrClientTests;
			productName = ASTumblrClientTests;
			productReference = 0E74C4621813909E00419864 /* ASTumblrClientTests.xctest */;
			productType = "com.apple.product-type.bundle.unit-test";
		};
/* End PBXNativeTarget section */

/* Begin PBXProject section */
		0E74C4391813909E00419864 /* Project object */ = {
			isa = PBXProject;
			attributes = {
				CLASSPREFIX = AS;
				LastUpgradeCheck = 0500;
				ORGANIZATIONNAME = Mocology;
				TargetAttributes = {
					0E74C4611813909E00419864 = {
						TestTargetID = 0E74C4401813909E00419864;
					};
				};
			};
			buildConfigurationList = 0E74C43C1813909E00419864 /* Build configuration list for PBXProject "ASTumblrClient" */;
			compatibilityVersion = "Xcode 3.2";
			developmentRegion = English;
			hasScannedForEncodings = 0;
			knownRegions = (
				en,
				Base,
			);
			mainGroup = 0E74C4381813909E00419864;
			productRefGroup = 0E74C4421813909E00419864 /* Products */;
			projectDirPath = "";
			projectRoot = "";
			targets = (
				0E74C4401813909E00419864 /* ASTumblrClient */,
				0E74C4611813909E00419864 /* ASTumblrClientTests */,
			);
		};
/* End PBXProject section */

/* Begin PBXResourcesBuildPhase section */
		0E74C43F1813909E00419864 /* Resources */ = {
			isa = PBXResourcesBuildPhase;
			buildActionMask = 2147483647;
			files = (
				0E74C45D1813909E00419864 /* Images.xcassets in Resources */,
				0E74C44F1813909E00419864 /* InfoPlist.strings in Resources */,
				0E74C4581813909E00419864 /* Main.storyboard in Resources */,
			);
			runOnlyForDeploymentPostprocessing = 0;
		};
		0E74C4601813909E00419864 /* Resources */ = {
			isa = PBXResourcesBuildPhase;
			buildActionMask = 2147483647;
			files = (
				0E74C46E1813909E00419864 /* InfoPlist.strings in Resources */,
			);
			runOnlyForDeploymentPostprocessing = 0;
		};
/* End PBXResourcesBuildPhase section */

/* Begin PBXSourcesBuildPhase section */
		0E74C43D1813909E00419864 /* Sources */ = {
			isa = PBXSourcesBuildPhase;
			buildActionMask = 2147483647;
			files = (
				0E74C4551813909E00419864 /* ASAppDelegate.m in Sources */,
				0E74C45B1813909E00419864 /* ASViewController.m in Sources */,
				0E74C4511813909E00419864 /* main.m in Sources */,
			);
			runOnlyForDeploymentPostprocessing = 0;
		};
		0E74C45E1813909E00419864 /* Sources */ = {
			isa = PBXSourcesBuildPhase;
			buildActionMask = 2147483647;
			files = (
				0E74C4701813909E00419864 /* ASTumblrClientTests.m in Sources */,
			);
			runOnlyForDeploymentPostprocessing = 0;
		};
/* End PBXSourcesBuildPhase section */

/* Begin PBXTargetDependency section */
		0E74C4681813909E00419864 /* PBXTargetDependency */ = {
			isa = PBXTargetDependency;
			target = 0E74C4401813909E00419864 /* ASTumblrClient */;
			targetProxy = 0E74C4671813909E00419864 /* PBXContainerItemProxy */;
		};
/* End PBXTargetDependency section */

/* Begin PBXVariantGroup section */
		0E74C44D1813909E00419864 /* InfoPlist.strings */ = {
			isa = PBXVariantGroup;
			children = (
				0E74C44E1813909E00419864 /* en */,
			);
			name = InfoPlist.strings;
			sourceTree = "<group>";
		};
		0E74C4561813909E00419864 /* Main.storyboard */ = {
			isa = PBXVariantGroup;
			children = (
				0E74C4571813909E00419864 /* Base */,
			);
			name = Main.storyboard;
			sourceTree = "<group>";
		};
		0E74C46C1813909E00419864 /* InfoPlist.strings */ = {
			isa = PBXVariantGroup;
			children = (
				0E74C46D1813909E00419864 /* en */,
			);
			name = InfoPlist.strings;
			sourceTree = "<group>";
		};
/* End PBXVariantGroup section */

/* Begin XCBuildConfiguration section */
		0E74C4711813909E00419864 /* Debug */ = {
			isa = XCBuildConfiguration;
			buildSettings = {
				ALWAYS_SEARCH_USER_PATHS = NO;
				ARCHS = "$(ARCHS_STANDARD_INCLUDING_64_BIT)";
				CLANG_CXX_LANGUAGE_STANDARD = "gnu++0x";
				CLANG_CXX_LIBRARY = "libc++";
				CLANG_ENABLE_MODULES = YES;
				CLANG_ENABLE_OBJC_ARC = YES;
				CLANG_WARN_BOOL_CONVERSION = YES;
				CLANG_WARN_CONSTANT_CONVERSION = YES;
				CLANG_WARN_DIRECT_OBJC_ISA_USAGE = YES_ERROR;
				CLANG_WARN_EMPTY_BODY = YES;
				CLANG_WARN_ENUM_CONVERSION = YES;
				CLANG_WARN_INT_CONVERSION = YES;
				CLANG_WARN_OBJC_ROOT_CLASS = YES_ERROR;
				CLANG_WARN__DUPLICATE_METHOD_MATCH = YES;
				"CODE_SIGN_IDENTITY[sdk=iphoneos*]" = "iPhone Developer";
				COPY_PHASE_STRIP = NO;
				GCC_C_LANGUAGE_STANDARD = gnu99;
				GCC_DYNAMIC_NO_PIC = NO;
				GCC_OPTIMIZATION_LEVEL = 0;
				GCC_PREPROCESSOR_DEFINITIONS = (
					"DEBUG=1",
					"$(inherited)",
				);
				GCC_SYMBOLS_PRIVATE_EXTERN = NO;
				GCC_WARN_64_TO_32_BIT_CONVERSION = YES;
				GCC_WARN_ABOUT_RETURN_TYPE = YES_ERROR;
				GCC_WARN_UNDECLARED_SELECTOR = YES;
				GCC_WARN_UNINITIALIZED_AUTOS = YES;
				GCC_WARN_UNUSED_FUNCTION = YES;
				GCC_WARN_UNUSED_VARIABLE = YES;
				IPHONEOS_DEPLOYMENT_TARGET = 7.0;
				ONLY_ACTIVE_ARCH = YES;
				SDKROOT = iphoneos;
			};
			name = Debug;
		};
		0E74C4721813909E00419864 /* Release */ = {
			isa = XCBuildConfiguration;
			buildSettings = {
				ALWAYS_SEARCH_USER_PATHS = NO;
				ARCHS = "$(ARCHS_STANDARD_INCLUDING_64_BIT)";
				CLANG_CXX_LANGUAGE_STANDARD = "gnu++0x";
				CLANG_CXX_LIBRARY = "libc++";
				CLANG_ENABLE_MODULES = YES;
				CLANG_ENABLE_OBJC_ARC = YES;
				CLANG_WARN_BOOL_CONVERSION = YES;
				CLANG_WARN_CONSTANT_CONVERSION = YES;
				CLANG_WARN_DIRECT_OBJC_ISA_USAGE = YES_ERROR;
				CLANG_WARN_EMPTY_BODY = YES;
				CLANG_WARN_ENUM_CONVERSION = YES;
				CLANG_WARN_INT_CONVERSION = YES;
				CLANG_WARN_OBJC_ROOT_CLASS = YES_ERROR;
				CLANG_WARN__DUPLICATE_METHOD_MATCH = YES;
				"CODE_SIGN_IDENTITY[sdk=iphoneos*]" = "iPhone Developer";
				COPY_PHASE_STRIP = YES;
				ENABLE_NS_ASSERTIONS = NO;
				GCC_C_LANGUAGE_STANDARD = gnu99;
				GCC_WARN_64_TO_32_BIT_CONVERSION = YES;
				GCC_WARN_ABOUT_RETURN_TYPE = YES_ERROR;
				GCC_WARN_UNDECLARED_SELECTOR = YES;
				GCC_WARN_UNINITIALIZED_AUTOS = YES;
				GCC_WARN_UNUSED_FUNCTION = YES;
				GCC_WARN_UNUSED_VARIABLE = YES;
				IPHONEOS_DEPLOYMENT_TARGET = 7.0;
				SDKROOT = iphoneos;
				VALIDATE_PRODUCT = YES;
			};
			name = Release;
		};
		0E74C4741813909E00419864 /* Debug */ = {
			isa = XCBuildConfiguration;
			buildSettings = {
				ASSETCATALOG_COMPILER_APPICON_NAME = AppIcon;
				ASSETCATALOG_COMPILER_LAUNCHIMAGE_NAME = LaunchImage;
				GCC_PRECOMPILE_PREFIX_HEADER = YES;
				GCC_PREFIX_HEADER = "ASTumblrClient/ASTumblrClient-Prefix.pch";
				INFOPLIST_FILE = "ASTumblrClient/ASTumblrClient-Info.plist";
				PRODUCT_NAME = "$(TARGET_NAME)";
				WRAPPER_EXTENSION = app;
			};
			name = Debug;
		};
		0E74C4751813909E00419864 /* Release */ = {
			isa = XCBuildConfiguration;
			buildSettings = {
				ASSETCATALOG_COMPILER_APPICON_NAME = AppIcon;
				ASSETCATALOG_COMPILER_LAUNCHIMAGE_NAME = LaunchImage;
				GCC_PRECOMPILE_PREFIX_HEADER = YES;
				GCC_PREFIX_HEADER = "ASTumblrClient/ASTumblrClient-Prefix.pch";
				INFOPLIST_FILE = "ASTumblrClient/ASTumblrClient-Info.plist";
				PRODUCT_NAME = "$(TARGET_NAME)";
				WRAPPER_EXTENSION = app;
			};
			name = Release;
		};
		0E74C4771813909E00419864 /* Debug */ = {
			isa = XCBuildConfiguration;
			buildSettings = {
				ARCHS = "$(ARCHS_STANDARD_INCLUDING_64_BIT)";
				BUNDLE_LOADER = "$(BUILT_PRODUCTS_DIR)/ASTumblrClient.app/ASTumblrClient";
				FRAMEWORK_SEARCH_PATHS = (
					"$(SDKROOT)/Developer/Library/Frameworks",
					"$(inherited)",
					"$(DEVELOPER_FRAMEWORKS_DIR)",
				);
				GCC_PRECOMPILE_PREFIX_HEADER = YES;
				GCC_PREFIX_HEADER = "ASTumblrClient/ASTumblrClient-Prefix.pch";
				GCC_PREPROCESSOR_DEFINITIONS = (
					"DEBUG=1",
					"$(inherited)",
				);
				INFOPLIST_FILE = "ASTumblrClientTests/ASTumblrClientTests-Info.plist";
				PRODUCT_NAME = "$(TARGET_NAME)";
				TEST_HOST = "$(BUNDLE_LOADER)";
				WRAPPER_EXTENSION = xctest;
			};
			name = Debug;
		};
		0E74C4781813909E00419864 /* Release */ = {
			isa = XCBuildConfiguration;
			buildSettings = {
				ARCHS = "$(ARCHS_STANDARD_INCLUDING_64_BIT)";
				BUNDLE_LOADER = "$(BUILT_PRODUCTS_DIR)/ASTumblrClient.app/ASTumblrClient";
				FRAMEWORK_SEARCH_PATHS = (
					"$(SDKROOT)/Developer/Library/Frameworks",
					"$(inherited)",
					"$(DEVELOPER_FRAMEWORKS_DIR)",
				);
				GCC_PRECOMPILE_PREFIX_HEADER = YES;
				GCC_PREFIX_HEADER = "ASTumblrClient/ASTumblrClient-Prefix.pch";
				INFOPLIST_FILE = "ASTumblrClientTests/ASTumblrClientTests-Info.plist";
				PRODUCT_NAME = "$(TARGET_NAME)";
				TEST_HOST = "$(BUNDLE_LOADER)";
				WRAPPER_EXTENSION = xctest;
			};
			name = Release;
		};
/* End XCBuildConfiguration section */

/* Begin XCConfigurationList section */
		0E74C43C1813909E00419864 /* Build configuration list for PBXProject "ASTumblrClient" */ = {
			isa = XCConfigurationList;
			buildConfigurations = (
				0E74C4711813909E00419864 /* Debug */,
				0E74C4721813909E00419864 /* Release */,
			);
			defaultConfigurationIsVisible = 0;
			defaultConfigurationName = Release;
		};
		0E74C4731813909E00419864 /* Build configuration list for PBXNativeTarget "ASTumblrClient" */ = {
			isa = XCConfigurationList;
			buildConfigurations = (
				0E74C4741813909E00419864 /* Debug */,
				0E74C4751813909E00419864 /* Release */,
			);
			defaultConfigurationIsVisible = 0;
		};
		0E74C4761813909E00419864 /* Build configuration list for PBXNativeTarget "ASTumblrClientTests" */ = {
			isa = XCConfigurationList;
			buildConfigurations = (
				0E74C4771813909E00419864 /* Debug */,
				0E74C4781813909E00419864 /* Release */,
			);
			defaultConfigurationIsVisible = 0;
		};
/* End XCConfigurationList section */
	};
	rootObject = 0E74C4391813909E00419864 /* Project object */;
}
